github.com/Tj12501/funtemps v0.0.0-20230424131417-76b1283c35c7 h1:90ZCXOxkuaS6qfERXW5/FV7gVyD8l5t3icE9pidUsvI=
github.com/Tj12501/funtemps v0.0.0-20230424131417-76b1283c35c7/go.mod h1:Ro4qO7fBYoIBvWisCO5kYCLFzlMGbyWE9ru0VzhfHkE=
github.com/Tj12501/is105sem03 v0.0.0-20230421090346-2c771924e043 h1:nhdvACTK6ka44B80Z5rX81GxLZlp+0ugNQJRYNZz+Ic=
github.com/Tj12501/is105sem03 v0.0.0-20230421090346-2c771924e043/go.mod h1:0GFfTy7F73m07M2dXzYMLflDs9DuzUxs1xULGDhe7Es=
github.com/Tj12501/minyr v0.0.0-20230502080710-209c18b7727b h1:2mm+87PRTiXZKJpf7avF9pSrDCN0I1wlXAClrrYXH04=
github.com/Tj12501/minyr v0.0.0-20230502080710-209c18b7727b/go.mod h1:WQ6sA7Lo9jN66YwHMgLBB8vhPSR28c5IjtaZtfVuBXE=
github.com/uia-worker/minyr v0.0.0-20230414101051-285a0955c7f7 h1:nRuIYjeZijL7TXftVuWporc5pWIlT08fy1QCLXNQKl8=
github.com/uia-worker/minyr v0.0.0-20230414101051-285a0955c7f7/go.mod h1:XYLd+DNID6F8Iy4+m13mkKh1IaGHQ9SO+QbrmPImE9M=
github.com/uia-worker/misc v0.0.0-20230306201706-92c01d4aa553 h1:GG7TZQikBrgnHTWPww3Pj32XzKpMQ80sCN562TgOPyo=
github.com/uia-worker/misc v0.0.0-20230306201706-92c01d4aa553/go.mod h1:KpplOC8PKuvyVl7IsIiGZGaEXNxK54Dgj0EoV7Czork=
